<?xml version="1.0" encoding="utf-8"?>
<Project ToolsVersion="4.0" xmlns="http://schemas.microsoft.com/developer/msbuild/2003">
  <ItemGroup>
    <Filter Include="Source Files">
      <UniqueIdentifier>{4FC737F1-C7A5-4376-A066-2A32D752A2FF}</UniqueIdentifier>
      <Extensions>cpp;c;cc;cxx;def;odl;idl;hpj;bat;asm;asmx</Extensions>
    </Filter>
    <Filter Include="Header Files">
      <UniqueIdentifier>{93995380-89BD-4b04-88EB-625FBE52EBFB}</UniqueIdentifier>
      <Extensions>h;hh;hpp;hxx;hm;inl;inc;xsd</Extensions>
    </Filter>
    <Filter Include="Resource Files">
      <UniqueIdentifier>{67DA6AB6-F800-4c08-8B7A-83BB121AAD01}</UniqueIdentifier>
      <Extensions>rc;ico;cur;bmp;dlg;rc2;rct;bin;rgs;gif;jpg;jpeg;jpe;resx;tiff;tif;png;wav;mfcribbon-ms</Extensions>
    </Filter>
    <Filter Include="Source Files\System">
      <UniqueIdentifier>{f1543039-6a12-4fc9-81d3-54345f23c54b}</UniqueIdentifier>
    </Filter>
    <Filter Include="Source Files\Utility">
      <UniqueIdentifier>{3a306dc4-d37f-4570-be86-c52ddffed649}</UniqueIdentifier>
    </Filter>
    <Filter Include="Source Files\Scene">
      <UniqueIdentifier>{7bc24b11-e6de-4e12-84c0-1f05fbb71658}</UniqueIdentifier>
    </Filter>
    <Filter Include="Source Files\Scene\Scene2D">
      <UniqueIdentifier>{82ac5fa5-15f4-4321-b4e4-9d69bf6f68c8}</UniqueIdentifier>
    </Filter>
    <Filter Include="Source Files\Components">
      <UniqueIdentifier>{70400212-126c-4e7c-b997-9c7d895436ca}</UniqueIdentifier>
    </Filter>
    <Filter Include="Source Files\Components\SpriteBatch">
      <UniqueIdentifier>{6608ab96-7438-49ba-bd2f-a841bdd49c52}</UniqueIdentifier>
    </Filter>
    <Filter Include="Source Files\Helper">
      <UniqueIdentifier>{e1a10c15-e027-4454-9fee-d62c3ad70104}</UniqueIdentifier>
    </Filter>
    <Filter Include="Source Files\Components\Texture">
      <UniqueIdentifier>{1391432f-2183-4234-ae5a-3fdaa9368141}</UniqueIdentifier>
    </Filter>
    <Filter Include="Source Files\Components\SpriteFont">
      <UniqueIdentifier>{d0171834-4b00-4802-b4dd-974854b1a9e7}</UniqueIdentifier>
    </Filter>
    <Filter Include="Source Files\Components\FPSDisplay">
      <UniqueIdentifier>{0118ec50-eb1b-4a41-95ea-0a19bc01991b}</UniqueIdentifier>
    </Filter>
    <Filter Include="Source Files\Scene\Scene3D">
      <UniqueIdentifier>{fa8453dd-0fb9-426d-95e0-ed8c804c901a}</UniqueIdentifier>
    </Filter>
    <Filter Include="Source Files\3DObjects">
      <UniqueIdentifier>{1260203f-e919-42cc-bad9-49a6ec2311c2}</UniqueIdentifier>
    </Filter>
    <Filter Include="Source Files\3DObjects\First3DObject">
      <UniqueIdentifier>{5e39d388-6269-4b95-b054-ea1d5c4f06ee}</UniqueIdentifier>
    </Filter>
  </ItemGroup>
  <ItemGroup>
    <ClCompile Include="Main.cpp">
      <Filter>Source Files</Filter>
    </ClCompile>
    <ClCompile Include="System.cpp">
      <Filter>Source Files\System</Filter>
    </ClCompile>
    <ClCompile Include="Scene.cpp">
      <Filter>Source Files\Scene\Scene2D</Filter>
    </ClCompile>
    <ClCompile Include="SpriteBatch.cpp">
      <Filter>Source Files\Components\SpriteBatch</Filter>
    </ClCompile>
    <ClCompile Include="Rectangle.cpp">
      <Filter>Source Files\Helper</Filter>
    </ClCompile>
    <ClCompile Include="Texture.cpp">
      <Filter>Source Files\Components\Texture</Filter>
    </ClCompile>
    <ClCompile Include="SpriteFont.cpp">
      <Filter>Source Files\Components\SpriteFont</Filter>
    </ClCompile>
    <ClCompile Include="FPSDisplay.cpp">
      <Filter>Source Files\Components\FPSDisplay</Filter>
    </ClCompile>
    <ClCompile Include="Scene3D.cpp">
      <Filter>Source Files\Scene\Scene3D</Filter>
    </ClCompile>
    <ClCompile Include="First3DObject.cpp">
      <Filter>Source Files\3DObjects\First3DObject</Filter>
    </ClCompile>
  </ItemGroup>
  <ItemGroup>
    <ClInclude Include="System.h">
      <Filter>Source Files\System</Filter>
    </ClInclude>
    <ClInclude Include="d3dinclude.h">
      <Filter>Source Files\Utility</Filter>
    </ClInclude>
    <ClInclude Include="Scene2D.h">
      <Filter>Source Files\Scene\Scene2D</Filter>
    </ClInclude>
    <ClInclude Include="IScene.h">
      <Filter>Source Files\Scene</Filter>
    </ClInclude>
    <ClInclude Include="SpriteBatch.h">
      <Filter>Source Files\Components\SpriteBatch</Filter>
    </ClInclude>
    <ClInclude Include="Rectangle.h">
      <Filter>Source Files\Helper</Filter>
    </ClInclude>
    <ClInclude Include="Texture.h">
      <Filter>Source Files\Components\Texture</Filter>
    </ClInclude>
    <ClInclude Include="SpriteFont.h">
      <Filter>Source Files\Components\SpriteFont</Filter>
    </ClInclude>
    <ClInclude Include="FPSDisplay.h">
      <Filter>Source Files\Components\FPSDisplay</Filter>
    </ClInclude>
    <ClInclude Include="Scene3D.h">
      <Filter>Source Files\Scene\Scene3D</Filter>
    </ClInclude>
    <ClInclude Include="First3DObject.h">
      <Filter>Source Files\3DObjects\First3DObject</Filter>
    </ClInclude>
  </ItemGroup>
  <ItemGroup>
    <FxCompile Include="VShader.hlsl">
      <Filter>Source Files\Scene\Scene2D</Filter>
    </FxCompile>
    <FxCompile Include="PShader.hlsl">
      <Filter>Source Files\Scene\Scene2D</Filter>
    </FxCompile>
    <FxCompile Include="SpriteBatch.hlsl">
      <Filter>Source Files\Components\SpriteBatch</Filter>
    </FxCompile>
    <FxCompile Include="First3DShader.hlsl">
      <Filter>Source Files\3DObjects\First3DObject</Filter>
    </FxCompile>
  </ItemGroup>
</Project>